
Microsoft Visual Studio Solution File, Format Version 12.00
# Visual Studio Version 17
VisualStudioVersion = 17.9.34714.143
MinimumVisualStudioVersion = 10.0.40219.1
Project("{FAE04EC0-301F-11D3-BF4B-00C04F79EFBC}") = "Composer", "Composer\Composer.csproj", "{160F7443-A446-4A77-8AFD-BA8320A846D8}"
EndProject
Project("{FAE04EC0-301F-11D3-BF4B-00C04F79EFBC}") = "ConsoleIterator", "ConsoleIterator\ConsoleIterator.csproj", "{04FA59B5-E221-40F2-B949-5EEA46703D9E}"
EndProject
Project("{FAE04EC0-301F-11D3-BF4B-00C04F79EFBC}") = "Command", "Command\Command.csproj", "{A65FC93F-D14D-4657-898F-E7BA710AB8DF}"
EndProject
Project("{FAE04EC0-301F-11D3-BF4B-00C04F79EFBC}") = "ConsoleCommand", "ConsoleCommand\ConsoleCommand.csproj", "{B9702B6E-9EA6-4ECD-AEF8-440252E6600C}"
EndProject
Project("{FAE04EC0-301F-11D3-BF4B-00C04F79EFBC}") = "State", "State\State.csproj", "{018AEE8D-23EA-4E2B-B2D1-92308F7112C1}"
EndProject
Project("{FAE04EC0-301F-11D3-BF4B-00C04F79EFBC}") = "CommonLibrary", "CommonLibrary\CommonLibrary.csproj", "{266A360A-C948-403F-8801-7299810474E8}"
EndProject
Project("{FAE04EC0-301F-11D3-BF4B-00C04F79EFBC}") = "ConsoleState", "ConsoleState\ConsoleState.csproj", "{6B68F510-8B07-4545-B549-81FE03699C80}"
EndProject
Project("{FAE04EC0-301F-11D3-BF4B-00C04F79EFBC}") = "TemplateMethod", "TemplateMethod\TemplateMethod.csproj", "{F7BBF374-5067-4CB6-8A7A-622B049AB49D}"
EndProject
Project("{FAE04EC0-301F-11D3-BF4B-00C04F79EFBC}") = "ConsoleTemplateMethod", "ConsoleTemplateMethod\ConsoleTemplateMethod.csproj", "{ACDD6423-4D22-402A-A9CE-B33542B95C3E}"
EndProject
Global
	GlobalSection(SolutionConfigurationPlatforms) = preSolution
		Debug|Any CPU = Debug|Any CPU
		Release|Any CPU = Release|Any CPU
	EndGlobalSection
	GlobalSection(ProjectConfigurationPlatforms) = postSolution
		{160F7443-A446-4A77-8AFD-BA8320A846D8}.Debug|Any CPU.ActiveCfg = Debug|Any CPU
		{160F7443-A446-4A77-8AFD-BA8320A846D8}.Debug|Any CPU.Build.0 = Debug|Any CPU
		{160F7443-A446-4A77-8AFD-BA8320A846D8}.Release|Any CPU.ActiveCfg = Release|Any CPU
		{160F7443-A446-4A77-8AFD-BA8320A846D8}.Release|Any CPU.Build.0 = Release|Any CPU
		{04FA59B5-E221-40F2-B949-5EEA46703D9E}.Debug|Any CPU.ActiveCfg = Debug|Any CPU
		{04FA59B5-E221-40F2-B949-5EEA46703D9E}.Debug|Any CPU.Build.0 = Debug|Any CPU
		{04FA59B5-E221-40F2-B949-5EEA46703D9E}.Release|Any CPU.ActiveCfg = Release|Any CPU
		{04FA59B5-E221-40F2-B949-5EEA46703D9E}.Release|Any CPU.Build.0 = Release|Any CPU
		{A65FC93F-D14D-4657-898F-E7BA710AB8DF}.Debug|Any CPU.ActiveCfg = Debug|Any CPU
		{A65FC93F-D14D-4657-898F-E7BA710AB8DF}.Debug|Any CPU.Build.0 = Debug|Any CPU
		{A65FC93F-D14D-4657-898F-E7BA710AB8DF}.Release|Any CPU.ActiveCfg = Release|Any CPU
		{A65FC93F-D14D-4657-898F-E7BA710AB8DF}.Release|Any CPU.Build.0 = Release|Any CPU
		{B9702B6E-9EA6-4ECD-AEF8-440252E6600C}.Debug|Any CPU.ActiveCfg = Debug|Any CPU
		{B9702B6E-9EA6-4ECD-AEF8-440252E6600C}.Debug|Any CPU.Build.0 = Debug|Any CPU
		{B9702B6E-9EA6-4ECD-AEF8-440252E6600C}.Release|Any CPU.ActiveCfg = Release|Any CPU
		{B9702B6E-9EA6-4ECD-AEF8-440252E6600C}.Release|Any CPU.Build.0 = Release|Any CPU
		{018AEE8D-23EA-4E2B-B2D1-92308F7112C1}.Debug|Any CPU.ActiveCfg = Debug|Any CPU
		{018AEE8D-23EA-4E2B-B2D1-92308F7112C1}.Debug|Any CPU.Build.0 = Debug|Any CPU
		{018AEE8D-23EA-4E2B-B2D1-92308F7112C1}.Release|Any CPU.ActiveCfg = Release|Any CPU
		{018AEE8D-23EA-4E2B-B2D1-92308F7112C1}.Release|Any CPU.Build.0 = Release|Any CPU
		{266A360A-C948-403F-8801-7299810474E8}.Debug|Any CPU.ActiveCfg = Debug|Any CPU
		{266A360A-C948-403F-8801-7299810474E8}.Debug|Any CPU.Build.0 = Debug|Any CPU
		{266A360A-C948-403F-8801-7299810474E8}.Release|Any CPU.ActiveCfg = Release|Any CPU
		{266A360A-C948-403F-8801-7299810474E8}.Release|Any CPU.Build.0 = Release|Any CPU
		{6B68F510-8B07-4545-B549-81FE03699C80}.Debug|Any CPU.ActiveCfg = Debug|Any CPU
		{6B68F510-8B07-4545-B549-81FE03699C80}.Debug|Any CPU.Build.0 = Debug|Any CPU
		{6B68F510-8B07-4545-B549-81FE03699C80}.Release|Any CPU.ActiveCfg = Release|Any CPU
		{6B68F510-8B07-4545-B549-81FE03699C80}.Release|Any CPU.Build.0 = Release|Any CPU
		{F7BBF374-5067-4CB6-8A7A-622B049AB49D}.Debug|Any CPU.ActiveCfg = Debug|Any CPU
		{F7BBF374-5067-4CB6-8A7A-622B049AB49D}.Debug|Any CPU.Build.0 = Debug|Any CPU
		{F7BBF374-5067-4CB6-8A7A-622B049AB49D}.Release|Any CPU.ActiveCfg = Release|Any CPU
		{F7BBF374-5067-4CB6-8A7A-622B049AB49D}.Release|Any CPU.Build.0 = Release|Any CPU
		{ACDD6423-4D22-402A-A9CE-B33542B95C3E}.Debug|Any CPU.ActiveCfg = Debug|Any CPU
		{ACDD6423-4D22-402A-A9CE-B33542B95C3E}.Debug|Any CPU.Build.0 = Debug|Any CPU
		{ACDD6423-4D22-402A-A9CE-B33542B95C3E}.Release|Any CPU.ActiveCfg = Release|Any CPU
		{ACDD6423-4D22-402A-A9CE-B33542B95C3E}.Release|Any CPU.Build.0 = Release|Any CPU
	EndGlobalSection
	GlobalSection(SolutionProperties) = preSolution
		HideSolutionNode = FALSE
	EndGlobalSection
	GlobalSection(ExtensibilityGlobals) = postSolution
		SolutionGuid = {797D1313-AC96-4013-8423-BCED469DBEC9}
	EndGlobalSection
EndGlobal
